
Microsoft Visual Studio Solution File, Format Version 12.00
# Visual Studio Version 16
VisualStudioVersion = 16.0.31402.337
MinimumVisualStudioVersion = 10.0.40219.1
Project("{FAE04EC0-301F-11D3-BF4B-00C04F79EFBC}") = "TestConsole", "TestConsole\TestConsole.csproj", "{DC60379F-8CFE-4F66-A421-BC5EA89474D5}"
EndProject
Global
	GlobalSection(SolutionConfigurationPlatforms) = preSolution
		Debug|Any CPU = Debug|Any CPU
		Release|Any CPU = Release|Any CPU
	EndGlobalSection
	GlobalSection(ProjectConfigurationPlatforms) = postSolution
		{DC60379F-8CFE-4F66-A421-BC5EA89474D5}.Debug|Any CPU.ActiveCfg = Debug|Any CPU
		{DC60379F-8CFE-4F66-A421-BC5EA89474D5}.Debug|Any CPU.Build.0 = Debug|Any CPU
		{DC60379F-8CFE-4F66-A421-BC5EA89474D5}.Release|Any CPU.ActiveCfg = Release|Any CPU
		{DC60379F-8CFE-4F66-A421-BC5EA89474D5}.Release|Any CPU.Build.0 = Release|Any CPU
	EndGlobalSection
	GlobalSection(SolutionProperties) = preSolution
		HideSolutionNode = FALSE
	EndGlobalSection
	GlobalSection(ExtensibilityGlobals) = postSolution
		SolutionGuid = {10A9F277-98F0-4876-BA3F-9D9B1AF31AEF}
	EndGlobalSection
EndGlobal
